
Microsoft Visual Studio Solution File, Format Version 12.00
# Visual Studio Version 16
VisualStudioVersion = 16.0.31911.196
MinimumVisualStudioVersion = 10.0.40219.1
Project("{8BC9CEB8-8B4A-11D0-8D11-00A0C91BC942}") = "Q167_TwoSumII_InputArrayIsSorted", "Q167_TwoSumII_InputArrayIsSorted\Q167_TwoSumII_InputArrayIsSorted.vcxproj", "{BB58EC1A-C906-411D-BF3E-BBE057F63A97}"
EndProject
Global
	GlobalSection(SolutionConfigurationPlatforms) = preSolution
		Debug|x64 = Debug|x64
		Debug|x86 = Debug|x86
		Release|x64 = Release|x64
		Release|x86 = Release|x86
	EndGlobalSection
	GlobalSection(ProjectConfigurationPlatforms) = postSolution
		{BB58EC1A-C906-411D-BF3E-BBE057F63A97}.Debug|x64.ActiveCfg = Debug|x64
		{BB58EC1A-C906-411D-BF3E-BBE057F63A97}.Debug|x64.Build.0 = Debug|x64
		{BB58EC1A-C906-411D-BF3E-BBE057F63A97}.Debug|x86.ActiveCfg = Debug|Win32
		{BB58EC1A-C906-411D-BF3E-BBE057F63A97}.Debug|x86.Build.0 = Debug|Win32
		{BB58EC1A-C906-411D-BF3E-BBE057F63A97}.Release|x64.ActiveCfg = Release|x64
		{BB58EC1A-C906-411D-BF3E-BBE057F63A97}.Release|x64.Build.0 = Release|x64
		{BB58EC1A-C906-411D-BF3E-BBE057F63A97}.Release|x86.ActiveCfg = Release|Win32
		{BB58EC1A-C906-411D-BF3E-BBE057F63A97}.Release|x86.Build.0 = Release|Win32
	EndGlobalSection
	GlobalSection(SolutionProperties) = preSolution
		HideSolutionNode = FALSE
	EndGlobalSection
	GlobalSection(ExtensibilityGlobals) = postSolution
		SolutionGuid = {52C74466-F2D2-4126-9D2D-023F953DD573}
	EndGlobalSection
EndGlobal
